
Microsoft Visual Studio Solution File, Format Version 12.00
# Visual Studio Version 17
VisualStudioVersion = 17.5.33516.290
MinimumVisualStudioVersion = 10.0.40219.1
Project("{FAE04EC0-301F-11D3-BF4B-00C04F79EFBC}") = "App", "App\App.csproj", "{CA87B4A5-22D3-49A6-9601-31081CD6E094}"
EndProject
Global
	GlobalSection(SolutionConfigurationPlatforms) = preSolution
		Debug|Any CPU = Debug|Any CPU
		Release|Any CPU = Release|Any CPU
	EndGlobalSection
	GlobalSection(ProjectConfigurationPlatforms) = postSolution
		{CA87B4A5-22D3-49A6-9601-31081CD6E094}.Debug|Any CPU.ActiveCfg = Debug|Any CPU
		{CA87B4A5-22D3-49A6-9601-31081CD6E094}.Debug|Any CPU.Build.0 = Debug|Any CPU
		{CA87B4A5-22D3-49A6-9601-31081CD6E094}.Release|Any CPU.ActiveCfg = Release|Any CPU
		{CA87B4A5-22D3-49A6-9601-31081CD6E094}.Release|Any CPU.Build.0 = Release|Any CPU
	EndGlobalSection
	GlobalSection(SolutionProperties) = preSolution
		HideSolutionNode = FALSE
	EndGlobalSection
	GlobalSection(ExtensibilityGlobals) = postSolution
		SolutionGuid = {280C00BD-AE61-4C01-A9B1-F7F9E6962EC0}
	EndGlobalSection
EndGlobal
