
Microsoft Visual Studio Solution File, Format Version 12.00
# Visual Studio Version 17
VisualStudioVersion = 17.5.33516.290
MinimumVisualStudioVersion = 10.0.40219.1
Project("{FAE04EC0-301F-11D3-BF4B-00C04F79EFBC}") = "App", "App\App.csproj", "{02925EF3-92CD-4922-AFBD-584FAEF1BA1E}"
EndProject
Global
	GlobalSection(SolutionConfigurationPlatforms) = preSolution
		Debug|Any CPU = Debug|Any CPU
		Release|Any CPU = Release|Any CPU
	EndGlobalSection
	GlobalSection(ProjectConfigurationPlatforms) = postSolution
		{02925EF3-92CD-4922-AFBD-584FAEF1BA1E}.Debug|Any CPU.ActiveCfg = Debug|Any CPU
		{02925EF3-92CD-4922-AFBD-584FAEF1BA1E}.Debug|Any CPU.Build.0 = Debug|Any CPU
		{02925EF3-92CD-4922-AFBD-584FAEF1BA1E}.Release|Any CPU.ActiveCfg = Release|Any CPU
		{02925EF3-92CD-4922-AFBD-584FAEF1BA1E}.Release|Any CPU.Build.0 = Release|Any CPU
	EndGlobalSection
	GlobalSection(SolutionProperties) = preSolution
		HideSolutionNode = FALSE
	EndGlobalSection
	GlobalSection(ExtensibilityGlobals) = postSolution
		SolutionGuid = {1FCA62EB-30E3-4138-8A0D-835D0AF62AD8}
	EndGlobalSection
EndGlobal
